
Microsoft Visual Studio Solution File, Format Version 12.00
# Visual Studio Version 16
VisualStudioVersion = 16.0.30717.126
MinimumVisualStudioVersion = 10.0.40219.1
Project("{FAE04EC0-301F-11D3-BF4B-00C04F79EFBC}") = "Mankalah", "Mankalah\Mankalah.csproj", "{EDE69648-7EA3-474F-AE02-247F0884D64F}"
EndProject
Global
	GlobalSection(SolutionConfigurationPlatforms) = preSolution
		Debug|Any CPU = Debug|Any CPU
		Release|Any CPU = Release|Any CPU
	EndGlobalSection
	GlobalSection(ProjectConfigurationPlatforms) = postSolution
		{EDE69648-7EA3-474F-AE02-247F0884D64F}.Debug|Any CPU.ActiveCfg = Debug|Any CPU
		{EDE69648-7EA3-474F-AE02-247F0884D64F}.Debug|Any CPU.Build.0 = Debug|Any CPU
		{EDE69648-7EA3-474F-AE02-247F0884D64F}.Release|Any CPU.ActiveCfg = Release|Any CPU
		{EDE69648-7EA3-474F-AE02-247F0884D64F}.Release|Any CPU.Build.0 = Release|Any CPU
	EndGlobalSection
	GlobalSection(SolutionProperties) = preSolution
		HideSolutionNode = FALSE
	EndGlobalSection
	GlobalSection(ExtensibilityGlobals) = postSolution
		SolutionGuid = {671220F3-1F66-4523-995A-D53A7A5D5721}
	EndGlobalSection
EndGlobal
